
Microsoft Visual Studio Solution File, Format Version 12.00
# Visual Studio Version 17
VisualStudioVersion = 17.3.32825.248
MinimumVisualStudioVersion = 10.0.40219.1
Project("{FAE04EC0-301F-11D3-BF4B-00C04F79EFBC}") = "LinqTutorial", "LinqTutorial\LinqTutorial.csproj", "{CAB802D9-A1BB-4808-8CA0-66B7EC0F6D24}"
EndProject
Global
	GlobalSection(SolutionConfigurationPlatforms) = preSolution
		Debug|Any CPU = Debug|Any CPU
		Release|Any CPU = Release|Any CPU
	EndGlobalSection
	GlobalSection(ProjectConfigurationPlatforms) = postSolution
		{CAB802D9-A1BB-4808-8CA0-66B7EC0F6D24}.Debug|Any CPU.ActiveCfg = Debug|Any CPU
		{CAB802D9-A1BB-4808-8CA0-66B7EC0F6D24}.Debug|Any CPU.Build.0 = Debug|Any CPU
		{CAB802D9-A1BB-4808-8CA0-66B7EC0F6D24}.Release|Any CPU.ActiveCfg = Release|Any CPU
		{CAB802D9-A1BB-4808-8CA0-66B7EC0F6D24}.Release|Any CPU.Build.0 = Release|Any CPU
	EndGlobalSection
	GlobalSection(SolutionProperties) = preSolution
		HideSolutionNode = FALSE
	EndGlobalSection
	GlobalSection(ExtensibilityGlobals) = postSolution
		SolutionGuid = {62371280-F1C1-48F1-8192-7321626BF3C6}
	EndGlobalSection
EndGlobal
